
Microsoft Visual Studio Solution File, Format Version 12.00
# Visual Studio Version 16
VisualStudioVersion = 16.0.31005.135
MinimumVisualStudioVersion = 10.0.40219.1
Project("{FAE04EC0-301F-11D3-BF4B-00C04F79EFBC}") = "CreditCard_Statement_Generator", "CreditCard_Statement_Generator\CreditCard_Statement_Generator.csproj", "{AAF4DDAA-0152-4451-A412-8728133D33DC}"
EndProject
Global
	GlobalSection(SolutionConfigurationPlatforms) = preSolution
		Debug|Any CPU = Debug|Any CPU
		Release|Any CPU = Release|Any CPU
	EndGlobalSection
	GlobalSection(ProjectConfigurationPlatforms) = postSolution
		{AAF4DDAA-0152-4451-A412-8728133D33DC}.Debug|Any CPU.ActiveCfg = Debug|Any CPU
		{AAF4DDAA-0152-4451-A412-8728133D33DC}.Debug|Any CPU.Build.0 = Debug|Any CPU
		{AAF4DDAA-0152-4451-A412-8728133D33DC}.Release|Any CPU.ActiveCfg = Release|Any CPU
		{AAF4DDAA-0152-4451-A412-8728133D33DC}.Release|Any CPU.Build.0 = Release|Any CPU
	EndGlobalSection
	GlobalSection(SolutionProperties) = preSolution
		HideSolutionNode = FALSE
	EndGlobalSection
	GlobalSection(ExtensibilityGlobals) = postSolution
		SolutionGuid = {E547976E-B0C8-4C96-B7BA-B5CC31C5D9F4}
	EndGlobalSection
EndGlobal
